
Microsoft Visual Studio Solution File, Format Version 12.00
# Visual Studio 15
VisualStudioVersion = 15.0.28307.960
MinimumVisualStudioVersion = 10.0.40219.1
Project("{FAE04EC0-301F-11D3-BF4B-00C04F79EFBC}") = "SalesWebMvc", "SalesWebMvc\SalesWebMvc.csproj", "{AA21AE7B-EA42-4443-8CFD-661D64AE6BA6}"
EndProject
Global
	GlobalSection(SolutionConfigurationPlatforms) = preSolution
		Debug|Any CPU = Debug|Any CPU
		Release|Any CPU = Release|Any CPU
	EndGlobalSection
	GlobalSection(ProjectConfigurationPlatforms) = postSolution
		{AA21AE7B-EA42-4443-8CFD-661D64AE6BA6}.Debug|Any CPU.ActiveCfg = Debug|Any CPU
		{AA21AE7B-EA42-4443-8CFD-661D64AE6BA6}.Debug|Any CPU.Build.0 = Debug|Any CPU
		{AA21AE7B-EA42-4443-8CFD-661D64AE6BA6}.Release|Any CPU.ActiveCfg = Release|Any CPU
		{AA21AE7B-EA42-4443-8CFD-661D64AE6BA6}.Release|Any CPU.Build.0 = Release|Any CPU
	EndGlobalSection
	GlobalSection(SolutionProperties) = preSolution
		HideSolutionNode = FALSE
	EndGlobalSection
	GlobalSection(ExtensibilityGlobals) = postSolution
		SolutionGuid = {0D1D62F8-28E7-4ACF-9BCE-2B93B6F6972C}
	EndGlobalSection
EndGlobal
